
Microsoft Visual Studio Solution File, Format Version 12.00
# Visual Studio Version 16
VisualStudioVersion = 16.0.30907.101
MinimumVisualStudioVersion = 10.0.40219.1
Project("{FAE04EC0-301F-11D3-BF4B-00C04F79EFBC}") = "PresentationLayer", "PresentationLayer\PresentationLayer.csproj", "{C4F017AA-72D2-4EA7-BD4C-A5442E1DEF19}"
EndProject
Global
	GlobalSection(SolutionConfigurationPlatforms) = preSolution
		Debug|Any CPU = Debug|Any CPU
		Release|Any CPU = Release|Any CPU
	EndGlobalSection
	GlobalSection(ProjectConfigurationPlatforms) = postSolution
		{C4F017AA-72D2-4EA7-BD4C-A5442E1DEF19}.Debug|Any CPU.ActiveCfg = Debug|Any CPU
		{C4F017AA-72D2-4EA7-BD4C-A5442E1DEF19}.Debug|Any CPU.Build.0 = Debug|Any CPU
		{C4F017AA-72D2-4EA7-BD4C-A5442E1DEF19}.Release|Any CPU.ActiveCfg = Release|Any CPU
		{C4F017AA-72D2-4EA7-BD4C-A5442E1DEF19}.Release|Any CPU.Build.0 = Release|Any CPU
	EndGlobalSection
	GlobalSection(SolutionProperties) = preSolution
		HideSolutionNode = FALSE
	EndGlobalSection
	GlobalSection(ExtensibilityGlobals) = postSolution
		SolutionGuid = {BA04DE53-962B-4853-B77A-2FB242668D11}
	EndGlobalSection
EndGlobal
